// !$*UTF8*$!
{
	archiveVersion = 1;
	classes = {
	};
	objectVersion = 56;
	objects = {

/* Begin PBXBuildFile section */
		A10000000001 /* AruLiftsApp.swift in Sources */ = {isa = PBXBuildFile; fileRef = A10000000002 /* AruLiftsApp.swift */; };
		A10000000003 /* ContentView.swift in Sources */ = {isa = PBXBuildFile; fileRef = A10000000004 /* ContentView.swift */; };
		A10000000005 /* Assets.xcassets in Resources */ = {isa = PBXBuildFile; fileRef = A10000000006 /* Assets.xcassets */; };
		A10000000007 /* Preview Assets.xcassets in Resources */ = {isa = PBXBuildFile; fileRef = A10000000008 /* Preview Assets.xcassets */; };
		A10000000009 /* AruLiftsModel.xcdatamodeld in Sources */ = {isa = PBXBuildFile; fileRef = A1000000000A /* AruLiftsModel.xcdatamodeld */; };
		A1000000000C /* PersistenceController.swift in Sources */ = {isa = PBXBuildFile; fileRef = A1000000000D /* PersistenceController.swift */; };
		A1000000000E /* Exercise.swift in Sources */ = {isa = PBXBuildFile; fileRef = A1000000000F /* Exercise.swift */; };
		A10000000010 /* ExerciseLibrary.swift in Sources */ = {isa = PBXBuildFile; fileRef = A10000000011 /* ExerciseLibrary.swift */; };
		A10000000012 /* WorkoutSession.swift in Sources */ = {isa = PBXBuildFile; fileRef = A10000000013 /* WorkoutSession.swift */; };
		A10000000014 /* CustomWorkout.swift in Sources */ = {isa = PBXBuildFile; fileRef = A10000000015 /* CustomWorkout.swift */; };
		A10000000016 /* WorkoutManager.swift in Sources */ = {isa = PBXBuildFile; fileRef = A10000000017 /* WorkoutManager.swift */; };
		A10000000018 /* CustomWorkoutManager.swift in Sources */ = {isa = PBXBuildFile; fileRef = A10000000019 /* CustomWorkoutManager.swift */; };
		A1000000001A /* HomeView.swift in Sources */ = {isa = PBXBuildFile; fileRef = A1000000001B /* HomeView.swift */; };
		A1000000001C /* NewHomeView.swift in Sources */ = {isa = PBXBuildFile; fileRef = A1000000001D /* NewHomeView.swift */; };
		A1000000001E /* WorkoutView.swift in Sources */ = {isa = PBXBuildFile; fileRef = A1000000001F /* WorkoutView.swift */; };
		A10000000020 /* CustomWorkoutActiveView.swift in Sources */ = {isa = PBXBuildFile; fileRef = A10000000021 /* CustomWorkoutActiveView.swift */; };
		A10000000022 /* WorkoutBuilderView.swift in Sources */ = {isa = PBXBuildFile; fileRef = A10000000023 /* WorkoutBuilderView.swift */; };
		A10000000024 /* MyWorkoutsView.swift in Sources */ = {isa = PBXBuildFile; fileRef = A10000000025 /* MyWorkoutsView.swift */; };
		A10000000026 /* HistoryView.swift in Sources */ = {isa = PBXBuildFile; fileRef = A10000000027 /* HistoryView.swift */; };
		A10000000028 /* ExerciseLibraryView.swift in Sources */ = {isa = PBXBuildFile; fileRef = A10000000029 /* ExerciseLibraryView.swift */; };
		A1000000002A /* SettingsView.swift in Sources */ = {isa = PBXBuildFile; fileRef = A1000000002B /* SettingsView.swift */; };
		A1000000002C /* RestTimerView.swift in Sources */ = {isa = PBXBuildFile; fileRef = A1000000002D /* RestTimerView.swift */; };
		A1000000002E /* WarmUpCalculatorView.swift in Sources */ = {isa = PBXBuildFile; fileRef = A1000000002F /* WarmUpCalculatorView.swift */; };
/* End PBXBuildFile section */

/* Begin PBXFileReference section */
		A10000000030 /* AruLifts.app */ = {isa = PBXFileReference; explicitFileType = wrapper.application; includeInIndex = 0; path = AruLifts.app; sourceTree = BUILT_PRODUCTS_DIR; };
		A10000000002 /* AruLiftsApp.swift */ = {isa = PBXFileReference; lastKnownFileType = sourcecode.swift; path = AruLiftsApp.swift; sourceTree = "<group>"; };
		A10000000004 /* ContentView.swift */ = {isa = PBXFileReference; lastKnownFileType = sourcecode.swift; path = ContentView.swift; sourceTree = "<group>"; };
		A10000000006 /* Assets.xcassets */ = {isa = PBXFileReference; lastKnownFileType = folder.assetcatalog; path = Assets.xcassets; sourceTree = "<group>"; };
		A10000000008 /* Preview Assets.xcassets */ = {isa = PBXFileReference; lastKnownFileType = folder.assetcatalog; path = "Preview Assets.xcassets"; sourceTree = "<group>"; };
		A1000000000B /* AruLiftsModel.xcdatamodel */ = {isa = PBXFileReference; lastKnownFileType = wrapper.xcdatamodel; path = AruLiftsModel.xcdatamodel; sourceTree = "<group>"; };
		A1000000000D /* PersistenceController.swift */ = {isa = PBXFileReference; lastKnownFileType = sourcecode.swift; path = PersistenceController.swift; sourceTree = "<group>"; };
		A1000000000F /* Exercise.swift */ = {isa = PBXFileReference; lastKnownFileType = sourcecode.swift; path = Exercise.swift; sourceTree = "<group>"; };
		A10000000011 /* ExerciseLibrary.swift */ = {isa = PBXFileReference; lastKnownFileType = sourcecode.swift; path = ExerciseLibrary.swift; sourceTree = "<group>"; };
		A10000000013 /* WorkoutSession.swift */ = {isa = PBXFileReference; lastKnownFileType = sourcecode.swift; path = WorkoutSession.swift; sourceTree = "<group>"; };
		A10000000015 /* CustomWorkout.swift */ = {isa = PBXFileReference; lastKnownFileType = sourcecode.swift; path = CustomWorkout.swift; sourceTree = "<group>"; };
		A10000000017 /* WorkoutManager.swift */ = {isa = PBXFileReference; lastKnownFileType = sourcecode.swift; path = WorkoutManager.swift; sourceTree = "<group>"; };
		A10000000019 /* CustomWorkoutManager.swift */ = {isa = PBXFileReference; lastKnownFileType = sourcecode.swift; path = CustomWorkoutManager.swift; sourceTree = "<group>"; };
		A1000000001B /* HomeView.swift */ = {isa = PBXFileReference; lastKnownFileType = sourcecode.swift; path = HomeView.swift; sourceTree = "<group>"; };
		A1000000001D /* NewHomeView.swift */ = {isa = PBXFileReference; lastKnownFileType = sourcecode.swift; path = NewHomeView.swift; sourceTree = "<group>"; };
		A1000000001F /* WorkoutView.swift */ = {isa = PBXFileReference; lastKnownFileType = sourcecode.swift; path = WorkoutView.swift; sourceTree = "<group>"; };
		A10000000021 /* CustomWorkoutActiveView.swift */ = {isa = PBXFileReference; lastKnownFileType = sourcecode.swift; path = CustomWorkoutActiveView.swift; sourceTree = "<group>"; };
		A10000000023 /* WorkoutBuilderView.swift */ = {isa = PBXFileReference; lastKnownFileType = sourcecode.swift; path = WorkoutBuilderView.swift; sourceTree = "<group>"; };
		A10000000025 /* MyWorkoutsView.swift */ = {isa = PBXFileReference; lastKnownFileType = sourcecode.swift; path = MyWorkoutsView.swift; sourceTree = "<group>"; };
		A10000000027 /* HistoryView.swift */ = {isa = PBXFileReference; lastKnownFileType = sourcecode.swift; path = HistoryView.swift; sourceTree = "<group>"; };
		A10000000029 /* ExerciseLibraryView.swift */ = {isa = PBXFileReference; lastKnownFileType = sourcecode.swift; path = ExerciseLibraryView.swift; sourceTree = "<group>"; };
		A1000000002B /* SettingsView.swift */ = {isa = PBXFileReference; lastKnownFileType = sourcecode.swift; path = SettingsView.swift; sourceTree = "<group>"; };
		A1000000002D /* RestTimerView.swift */ = {isa = PBXFileReference; lastKnownFileType = sourcecode.swift; path = RestTimerView.swift; sourceTree = "<group>"; };
		A1000000002F /* WarmUpCalculatorView.swift */ = {isa = PBXFileReference; lastKnownFileType = sourcecode.swift; path = WarmUpCalculatorView.swift; sourceTree = "<group>"; };
/* End PBXFileReference section */

/* Begin PBXFrameworksBuildPhase section */
		A10000000031 /* Frameworks */ = {
			isa = PBXFrameworksBuildPhase;
			buildActionMask = 2147483647;
			files = (
			);
			runOnlyForDeploymentPostprocessing = 0;
		};
/* End PBXFrameworksBuildPhase section */

/* Begin PBXGroup section */
		A10000000032 = {
			isa = PBXGroup;
			children = (
				A10000000033 /* AruLifts */,
				A10000000034 /* Products */,
			);
			sourceTree = "<group>";
		};
		A10000000034 /* Products */ = {
			isa = PBXGroup;
			children = (
				A10000000030 /* AruLifts.app */,
			);
			name = Products;
			sourceTree = "<group>";
		};
		A10000000033 /* AruLifts */ = {
			isa = PBXGroup;
			children = (
				A10000000002 /* AruLiftsApp.swift */,
				A10000000004 /* ContentView.swift */,
				A10000000035 /* Models */,
				A10000000036 /* Views */,
				A10000000037 /* Managers */,
				A1000000000D /* PersistenceController.swift */,
				A1000000000A /* AruLiftsModel.xcdatamodeld */,
				A10000000006 /* Assets.xcassets */,
				A10000000038 /* Preview Content */,
			);
			path = AruLifts;
			sourceTree = "<group>";
		};
		A10000000038 /* Preview Content */ = {
			isa = PBXGroup;
			children = (
				A10000000008 /* Preview Assets.xcassets */,
			);
			path = "Preview Content";
			sourceTree = "<group>";
		};
		A10000000035 /* Models */ = {
			isa = PBXGroup;
			children = (
				A1000000000F /* Exercise.swift */,
				A10000000011 /* ExerciseLibrary.swift */,
				A10000000013 /* WorkoutSession.swift */,
				A10000000015 /* CustomWorkout.swift */,
			);
			path = Models;
			sourceTree = "<group>";
		};
		A10000000036 /* Views */ = {
			isa = PBXGroup;
			children = (
				A1000000001B /* HomeView.swift */,
				A1000000001D /* NewHomeView.swift */,
				A1000000001F /* WorkoutView.swift */,
				A10000000021 /* CustomWorkoutActiveView.swift */,
				A10000000023 /* WorkoutBuilderView.swift */,
				A10000000025 /* MyWorkoutsView.swift */,
				A10000000027 /* HistoryView.swift */,
				A10000000029 /* ExerciseLibraryView.swift */,
				A1000000002B /* SettingsView.swift */,
				A1000000002D /* RestTimerView.swift */,
				A1000000002F /* WarmUpCalculatorView.swift */,
			);
			path = Views;
			sourceTree = "<group>";
		};
		A10000000037 /* Managers */ = {
			isa = PBXGroup;
			children = (
				A10000000017 /* WorkoutManager.swift */,
				A10000000019 /* CustomWorkoutManager.swift */,
			);
			path = Managers;
			sourceTree = "<group>";
		};
/* End PBXGroup section */

/* Begin PBXNativeTarget section */
		A10000000039 /* AruLifts */ = {
			isa = PBXNativeTarget;
			buildConfigurationList = A1000000003A /* Build configuration list for PBXNativeTarget "AruLifts" */;
			buildPhases = (
				A1000000003B /* Sources */,
				A10000000031 /* Frameworks */,
				A1000000003C /* Resources */,
			);
			buildRules = (
			);
			dependencies = (
			);
			name = AruLifts;
			productName = AruLifts;
			productReference = A10000000030 /* AruLifts.app */;
			productType = "com.apple.product-type.application";
		};
/* End PBXNativeTarget section */

/* Begin PBXProject section */
		A1000000003D /* Project object */ = {
			isa = PBXProject;
			attributes = {
				BuildIndependentTargetsInParallel = 1;
				LastSwiftUpdateCheck = 1500;
				LastUpgradeCheck = 1500;
				TargetAttributes = {
					A10000000039 = {
						CreatedOnToolsVersion = 15.0;
					};
				};
			};
			buildConfigurationList = A1000000003E /* Build configuration list for PBXProject "AruLifts" */;
			compatibilityVersion = "Xcode 14.0";
			developmentRegion = en;
			hasScannedForEncodings = 0;
			knownRegions = (
				en,
				Base,
			);
			mainGroup = A10000000032;
			productRefGroup = A10000000034 /* Products */;
			projectDirPath = "";
			projectRoot = "";
			targets = (
				A10000000039 /* AruLifts */,
			);
		};
/* End PBXProject section */

/* Begin PBXResourcesBuildPhase section */
		A1000000003C /* Resources */ = {
			isa = PBXResourcesBuildPhase;
			buildActionMask = 2147483647;
			files = (
				A10000000007 /* Preview Assets.xcassets in Resources */,
				A10000000005 /* Assets.xcassets in Resources */,
			);
			runOnlyForDeploymentPostprocessing = 0;
		};
/* End PBXResourcesBuildPhase section */

/* Begin PBXSourcesBuildPhase section */
		A1000000003B /* Sources */ = {
			isa = PBXSourcesBuildPhase;
			buildActionMask = 2147483647;
			files = (
				A10000000003 /* ContentView.swift in Sources */,
				A10000000009 /* AruLiftsModel.xcdatamodeld in Sources */,
				A10000000001 /* AruLiftsApp.swift in Sources */,
				A1000000000C /* PersistenceController.swift in Sources */,
				A1000000000E /* Exercise.swift in Sources */,
				A10000000010 /* ExerciseLibrary.swift in Sources */,
				A10000000012 /* WorkoutSession.swift in Sources */,
				A10000000014 /* CustomWorkout.swift in Sources */,
				A10000000016 /* WorkoutManager.swift in Sources */,
				A10000000018 /* CustomWorkoutManager.swift in Sources */,
				A1000000001A /* HomeView.swift in Sources */,
				A1000000001C /* NewHomeView.swift in Sources */,
				A1000000001E /* WorkoutView.swift in Sources */,
				A10000000020 /* CustomWorkoutActiveView.swift in Sources */,
				A10000000022 /* WorkoutBuilderView.swift in Sources */,
				A10000000024 /* MyWorkoutsView.swift in Sources */,
				A10000000026 /* HistoryView.swift in Sources */,
				A10000000028 /* ExerciseLibraryView.swift in Sources */,
				A1000000002A /* SettingsView.swift in Sources */,
				A1000000002C /* RestTimerView.swift in Sources */,
				A1000000002E /* WarmUpCalculatorView.swift in Sources */,
			);
			runOnlyForDeploymentPostprocessing = 0;
		};
/* End PBXSourcesBuildPhase section */

/* Begin XCBuildConfiguration section */
		A1000000003F /* Debug */ = {
			isa = XCBuildConfiguration;
			buildSettings = {
				ALWAYS_SEARCH_USER_PATHS = NO;
				ASSETCATALOG_COMPILER_GENERATE_SWIFT_ASSET_SYMBOL_EXTENSIONS = YES;
				CLANG_ANALYZER_NONNULL = YES;
				CLANG_ANALYZER_NUMBER_OBJECT_CONVERSION = YES_AGGRESSIVE;
				CLANG_CXX_LANGUAGE_STANDARD = "gnu++20";
				CLANG_ENABLE_MODULES = YES;
				CLANG_ENABLE_OBJC_ARC = YES;
				CLANG_ENABLE_OBJC_WEAK = YES;
				CLANG_WARN_BLOCK_CAPTURE_AUTORELEASING = YES;
				CLANG_WARN_BOOL_CONVERSION = YES;
				CLANG_WARN_COMMA = YES;
				CLANG_WARN_CONSTANT_CONVERSION = YES;
				CLANG_WARN_DEPRECATED_OBJC_IMPLEMENTATIONS = YES;
				CLANG_WARN_DIRECT_OBJC_ISA_USAGE = YES_ERROR;
				CLANG_WARN_DOCUMENTATION_COMMENTS = YES;
				CLANG_WARN_EMPTY_BODY = YES;
				CLANG_WARN_ENUM_CONVERSION = YES;
				CLANG_WARN_INFINITE_RECURSION = YES;
				CLANG_WARN_INT_CONVERSION = YES;
				CLANG_WARN_NON_LITERAL_NULL_CONVERSION = YES;
				CLANG_WARN_OBJC_IMPLICIT_RETAIN_SELF = YES;
				CLANG_WARN_OBJC_LITERAL_CONVERSION = YES;
				CLANG_WARN_OBJC_ROOT_CLASS = YES_ERROR;
				CLANG_WARN_QUOTED_INCLUDE_IN_FRAMEWORK_HEADER = YES;
				CLANG_WARN_RANGE_LOOP_ANALYSIS = YES;
				CLANG_WARN_STRICT_PROTOTYPES = YES;
				CLANG_WARN_SUSPICIOUS_MOVE = YES;
				CLANG_WARN_UNGUARDED_AVAILABILITY = YES_AGGRESSIVE;
				CLANG_WARN_UNREACHABLE_CODE = YES;
				CLANG_WARN__DUPLICATE_METHOD_MATCH = YES;
				COPY_PHASE_STRIP = NO;
				DEBUG_INFORMATION_FORMAT = dwarf;
				ENABLE_STRICT_OBJC_MSGSEND = YES;
				ENABLE_TESTABILITY = YES;
				ENABLE_USER_SCRIPT_SANDBOXING = YES;
				GCC_C_LANGUAGE_STANDARD = gnu17;
				GCC_DYNAMIC_NO_PIC = NO;
				GCC_NO_COMMON_BLOCKS = YES;
				GCC_OPTIMIZATION_LEVEL = 0;
				GCC_PREPROCESSOR_DEFINITIONS = (
					"DEBUG=1",
					"$(inherited)",
				);
				GCC_WARN_64_TO_32_BIT_CONVERSION = YES;
				GCC_WARN_ABOUT_RETURN_TYPE = YES_ERROR;
				GCC_WARN_UNDECLARED_SELECTOR = YES;
				GCC_WARN_UNINITIALIZED_AUTOS = YES_AGGRESSIVE;
				GCC_WARN_UNUSED_FUNCTION = YES;
				GCC_WARN_UNUSED_VARIABLE = YES;
				IPHONEOS_DEPLOYMENT_TARGET = 17.0;
				LOCALIZATION_PREFERS_STRING_CATALOGS = YES;
				MTL_ENABLE_DEBUG_INFO = INCLUDE_SOURCE;
				MTL_FAST_MATH = YES;
				ONLY_ACTIVE_ARCH = YES;
				SDKROOT = iphoneos;
				SWIFT_ACTIVE_COMPILATION_CONDITIONS = "DEBUG $(inherited)";
				SWIFT_OPTIMIZATION_LEVEL = "-Onone";
			};
			name = Debug;
		};
		A10000000040 /* Release */ = {
			isa = XCBuildConfiguration;
			buildSettings = {
				ALWAYS_SEARCH_USER_PATHS = NO;
				ASSETCATALOG_COMPILER_GENERATE_SWIFT_ASSET_SYMBOL_EXTENSIONS = YES;
				CLANG_ANALYZER_NONNULL = YES;
				CLANG_ANALYZER_NUMBER_OBJECT_CONVERSION = YES_AGGRESSIVE;
				CLANG_CXX_LANGUAGE_STANDARD = "gnu++20";
				CLANG_ENABLE_MODULES = YES;
				CLANG_ENABLE_OBJC_ARC = YES;
				CLANG_ENABLE_OBJC_WEAK = YES;
				CLANG_WARN_BLOCK_CAPTURE_AUTORELEASING = YES;
				CLANG_WARN_BOOL_CONVERSION = YES;
				CLANG_WARN_COMMA = YES;
				CLANG_WARN_CONSTANT_CONVERSION = YES;
				CLANG_WARN_DEPRECATED_OBJC_IMPLEMENTATIONS = YES;
				CLANG_WARN_DIRECT_OBJC_ISA_USAGE = YES_ERROR;
				CLANG_WARN_DOCUMENTATION_COMMENTS = YES;
				CLANG_WARN_EMPTY_BODY = YES;
				CLANG_WARN_ENUM_CONVERSION = YES;
				CLANG_WARN_INFINITE_RECURSION = YES;
				CLANG_WARN_INT_CONVERSION = YES;
				CLANG_WARN_NON_LITERAL_NULL_CONVERSION = YES;
				CLANG_WARN_OBJC_IMPLICIT_RETAIN_SELF = YES;
				CLANG_WARN_OBJC_LITERAL_CONVERSION = YES;
				CLANG_WARN_OBJC_ROOT_CLASS = YES_ERROR;
				CLANG_WARN_QUOTED_INCLUDE_IN_FRAMEWORK_HEADER = YES;
				CLANG_WARN_RANGE_LOOP_ANALYSIS = YES;
				CLANG_WARN_STRICT_PROTOTYPES = YES;
				CLANG_WARN_SUSPICIOUS_MOVE = YES;
				CLANG_WARN_UNGUARDED_AVAILABILITY = YES_AGGRESSIVE;
				CLANG_WARN_UNREACHABLE_CODE = YES;
				CLANG_WARN__DUPLICATE_METHOD_MATCH = YES;
				COPY_PHASE_STRIP = NO;
				DEBUG_INFORMATION_FORMAT = "dwarf-with-dsym";
				ENABLE_NS_ASSERTIONS = NO;
				ENABLE_STRICT_OBJC_MSGSEND = YES;
				ENABLE_USER_SCRIPT_SANDBOXING = YES;
				GCC_C_LANGUAGE_STANDARD = gnu17;
				GCC_NO_COMMON_BLOCKS = YES;
				GCC_WARN_64_TO_32_BIT_CONVERSION = YES;
				GCC_WARN_ABOUT_RETURN_TYPE = YES_ERROR;
				GCC_WARN_UNDECLARED_SELECTOR = YES;
				GCC_WARN_UNINITIALIZED_AUTOS = YES_AGGRESSIVE;
				GCC_WARN_UNUSED_FUNCTION = YES;
				GCC_WARN_UNUSED_VARIABLE = YES;
				IPHONEOS_DEPLOYMENT_TARGET = 17.0;
				LOCALIZATION_PREFERS_STRING_CATALOGS = YES;
				MTL_ENABLE_DEBUG_INFO = NO;
				MTL_FAST_MATH = YES;
				SDKROOT = iphoneos;
				SWIFT_COMPILATION_MODE = wholemodule;
				VALIDATE_PRODUCT = YES;
			};
			name = Release;
		};
		A10000000041 /* Debug */ = {
			isa = XCBuildConfiguration;
			buildSettings = {
				ASSETCATALOG_COMPILER_APPICON_NAME = AppIcon;
				ASSETCATALOG_COMPILER_GLOBAL_ACCENT_COLOR_NAME = AccentColor;
				CODE_SIGN_STYLE = Automatic;
				CURRENT_PROJECT_VERSION = 1;
				DEVELOPMENT_ASSET_PATHS = "\"AruLifts/Preview Content\"";
				ENABLE_PREVIEWS = YES;
				GENERATE_INFOPLIST_FILE = YES;
				INFOPLIST_KEY_UIApplicationSceneManifest_Generation = YES;
				INFOPLIST_KEY_UIApplicationSupportsIndirectInputEvents = YES;
				INFOPLIST_KEY_UILaunchScreen_Generation = YES;
				INFOPLIST_KEY_UISupportedInterfaceOrientations = UIInterfaceOrientationPortrait;
				INFOPLIST_KEY_UISupportedInterfaceOrientations_iPad = "UIInterfaceOrientationLandscapeLeft UIInterfaceOrientationLandscapeRight UIInterfaceOrientationPortrait UIInterfaceOrientationPortraitUpsideDown";
				LD_RUNPATH_SEARCH_PATHS = (
					"$(inherited)",
					"@executable_path/Frameworks",
				);
				MARKETING_VERSION = 1.0;
				PRODUCT_BUNDLE_IDENTIFIER = com.arulifts.app;
				PRODUCT_NAME = "$(TARGET_NAME)";
				SWIFT_EMIT_LOC_STRINGS = YES;
				SWIFT_VERSION = 5.0;
				TARGETED_DEVICE_FAMILY = "1,2";
			};
			name = Debug;
		};
		A10000000042 /* Release */ = {
			isa = XCBuildConfiguration;
			buildSettings = {
				ASSETCATALOG_COMPILER_APPICON_NAME = AppIcon;
				ASSETCATALOG_COMPILER_GLOBAL_ACCENT_COLOR_NAME = AccentColor;
				CODE_SIGN_STYLE = Automatic;
				CURRENT_PROJECT_VERSION = 1;
				DEVELOPMENT_ASSET_PATHS = "\"AruLifts/Preview Content\"";
				ENABLE_PREVIEWS = YES;
				GENERATE_INFOPLIST_FILE = YES;
				INFOPLIST_KEY_UIApplicationSceneManifest_Generation = YES;
				INFOPLIST_KEY_UIApplicationSupportsIndirectInputEvents = YES;
				INFOPLIST_KEY_UILaunchScreen_Generation = YES;
				INFOPLIST_KEY_UISupportedInterfaceOrientations = UIInterfaceOrientationPortrait;
				INFOPLIST_KEY_UISupportedInterfaceOrientations_iPad = "UIInterfaceOrientationLandscapeLeft UIInterfaceOrientationLandscapeRight UIInterfaceOrientationPortrait UIInterfaceOrientationPortraitUpsideDown";
				LD_RUNPATH_SEARCH_PATHS = (
					"$(inherited)",
					"@executable_path/Frameworks",
				);
				MARKETING_VERSION = 1.0;
				PRODUCT_BUNDLE_IDENTIFIER = com.arulifts.app;
				PRODUCT_NAME = "$(TARGET_NAME)";
				SWIFT_EMIT_LOC_STRINGS = YES;
				SWIFT_VERSION = 5.0;
				TARGETED_DEVICE_FAMILY = "1,2";
			};
			name = Release;
		};
/* End XCBuildConfiguration section */

/* Begin XCConfigurationList section */
		A1000000003E /* Build configuration list for PBXProject "AruLifts" */ = {
			isa = XCConfigurationList;
			buildConfigurations = (
				A1000000003F /* Debug */,
				A10000000040 /* Release */,
			);
			defaultConfigurationIsVisible = 0;
			defaultConfigurationName = Release;
		};
		A1000000003A /* Build configuration list for PBXNativeTarget "AruLifts" */ = {
			isa = XCConfigurationList;
			buildConfigurations = (
				A10000000041 /* Debug */,
				A10000000042 /* Release */,
			);
			defaultConfigurationIsVisible = 0;
			defaultConfigurationName = Release;
		};
/* End XCConfigurationList section */

/* Begin XCVersionGroup section */
		A1000000000A /* AruLiftsModel.xcdatamodeld */ = {
			isa = XCVersionGroup;
			children = (
				A1000000000B /* AruLiftsModel.xcdatamodel */,
			);
			currentVersion = A1000000000B /* AruLiftsModel.xcdatamodel */;
			path = AruLiftsModel.xcdatamodeld;
			sourceTree = "<group>";
			versionGroupType = wrapper.xcdatamodel;
		};
/* End XCVersionGroup section */
	};
	rootObject = A1000000003D /* Project object */;
}
